
Microsoft Visual Studio Solution File, Format Version 12.00
# Visual Studio Version 17
VisualStudioVersion = 17.10.35027.167
MinimumVisualStudioVersion = 10.0.40219.1
Project("{9A19103F-16F7-4668-BE54-9A1E7A4F7556}") = "ComponentPenWASM", "ComponentPenWASM\ComponentPenWASM.csproj", "{00007E71-0C90-4B53-A4D5-E2D5605F5CBE}"
EndProject
Project("{2150E333-8FDC-42A3-9474-1A3956D46DE8}") = "Presentations", "Presentations", "{259C6413-F627-49BF-B775-7918F78CAAE1}"
	ProjectSection(SolutionItems) = preProject
		VideoSlides.md = VideoSlides.md
	EndProjectSection
EndProject
Global
	GlobalSection(SolutionConfigurationPlatforms) = preSolution
		Debug|Any CPU = Debug|Any CPU
		Release|Any CPU = Release|Any CPU
	EndGlobalSection
	GlobalSection(ProjectConfigurationPlatforms) = postSolution
		{00007E71-0C90-4B53-A4D5-E2D5605F5CBE}.Debug|Any CPU.ActiveCfg = Debug|Any CPU
		{00007E71-0C90-4B53-A4D5-E2D5605F5CBE}.Debug|Any CPU.Build.0 = Debug|Any CPU
		{00007E71-0C90-4B53-A4D5-E2D5605F5CBE}.Release|Any CPU.ActiveCfg = Release|Any CPU
		{00007E71-0C90-4B53-A4D5-E2D5605F5CBE}.Release|Any CPU.Build.0 = Release|Any CPU
	EndGlobalSection
	GlobalSection(SolutionProperties) = preSolution
		HideSolutionNode = FALSE
	EndGlobalSection
	GlobalSection(ExtensibilityGlobals) = postSolution
		SolutionGuid = {CF5829A4-54D7-4841-BD91-E70B74304290}
	EndGlobalSection
EndGlobal
